// !$*UTF8*$!
{
	archiveVersion = 1;
	classes = {
	};
	objectVersion = 46;
	objects = {

/* Begin PBXBuildFile section */
		EEB8F66619C61F5300AA96D8 /* Foundation.framework in Frameworks */ = {isa = PBXBuildFile; fileRef = EEB8F66519C61F5300AA96D8 /* Foundation.framework */; };
		EEB8F66819C61F5400AA96D8 /* CoreGraphics.framework in Frameworks */ = {isa = PBXBuildFile; fileRef = EEB8F66719C61F5400AA96D8 /* CoreGraphics.framework */; };
		EEB8F66A19C61F5400AA96D8 /* UIKit.framework in Frameworks */ = {isa = PBXBuildFile; fileRef = EEB8F66919C61F5400AA96D8 /* UIKit.framework */; };
		EEB8F67019C61F5400AA96D8 /* InfoPlist.strings in Resources */ = {isa = PBXBuildFile; fileRef = EEB8F66E19C61F5400AA96D8 /* InfoPlist.strings */; };
		EEB8F67219C61F5400AA96D8 /* main.m in Sources */ = {isa = PBXBuildFile; fileRef = EEB8F67119C61F5400AA96D8 /* main.m */; };
		EEB8F67619C61F5400AA96D8 /* CCAppDelegate.m in Sources */ = {isa = PBXBuildFile; fileRef = EEB8F67519C61F5400AA96D8 /* CCAppDelegate.m */; };
		EEB8F67919C61F5400AA96D8 /* Main.storyboard in Resources */ = {isa = PBXBuildFile; fileRef = EEB8F67719C61F5400AA96D8 /* Main.storyboard */; };
		EEB8F67C19C61F5400AA96D8 /* CCViewController.m in Sources */ = {isa = PBXBuildFile; fileRef = EEB8F67B19C61F5400AA96D8 /* CCViewController.m */; };
		EEB8F67E19C61F5400AA96D8 /* Images.xcassets in Resources */ = {isa = PBXBuildFile; fileRef = EEB8F67D19C61F5400AA96D8 /* Images.xcassets */; };
		EEB8F68519C61F5400AA96D8 /* XCTest.framework in Frameworks */ = {isa = PBXBuildFile; fileRef = EEB8F68419C61F5400AA96D8 /* XCTest.framework */; };
		EEB8F68619C61F5400AA96D8 /* Foundation.framework in Frameworks */ = {isa = PBXBuildFile; fileRef = EEB8F66519C61F5300AA96D8 /* Foundation.framework */; };
		EEB8F68719C61F5400AA96D8 /* UIKit.framework in Frameworks */ = {isa = PBXBuildFile; fileRef = EEB8F66919C61F5400AA96D8 /* UIKit.framework */; };
		EEB8F68F19C61F5400AA96D8 /* InfoPlist.strings in Resources */ = {isa = PBXBuildFile; fileRef = EEB8F68D19C61F5400AA96D8 /* InfoPlist.strings */; };
		EEB8F69119C61F5400AA96D8 /* GitTestTests.m in Sources */ = {isa = PBXBuildFile; fileRef = EEB8F69019C61F5400AA96D8 /* GitTestTests.m */; };
		EEB8F69C19C622A700AA96D8 /* CCTest.m in Sources */ = {isa = PBXBuildFile; fileRef = EEB8F69B19C622A700AA96D8 /* CCTest.m */; };
/* End PBXBuildFile section */

/* Begin PBXContainerItemProxy section */
		EEB8F68819C61F5400AA96D8 /* PBXContainerItemProxy */ = {
			isa = PBXContainerItemProxy;
			containerPortal = EEB8F65A19C61F5300AA96D8 /* Project object */;
			proxyType = 1;
			remoteGlobalIDString = EEB8F66119C61F5300AA96D8;
			remoteInfo = GitTest;
		};
/* End PBXContainerItemProxy section */

/* Begin PBXFileReference section */
		EEB8F66219C61F5300AA96D8 /* GitTest.app */ = {isa = PBXFileReference; explicitFileType = wrapper.application; includeInIndex = 0; path = GitTest.app; sourceTree = BUILT_PRODUCTS_DIR; };
		EEB8F66519C61F5300AA96D8 /* Foundation.framework */ = {isa = PBXFileReference; lastKnownFileType = wrapper.framework; name = Foundation.framework; path = System/Library/Frameworks/Foundation.framework; sourceTree = SDKROOT; };
		EEB8F66719C61F5400AA96D8 /* CoreGraphics.framework */ = {isa = PBXFileReference; lastKnownFileType = wrapper.framework; name = CoreGraphics.framework; path = System/Library/Frameworks/CoreGraphics.framework; sourceTree = SDKROOT; };
		EEB8F66919C61F5400AA96D8 /* UIKit.framework */ = {isa = PBXFileReference; lastKnownFileType = wrapper.framework; name = UIKit.framework; path = System/Library/Frameworks/UIKit.framework; sourceTree = SDKROOT; };
		EEB8F66D19C61F5400AA96D8 /* GitTest-Info.plist */ = {isa = PBXFileReference; lastKnownFileType = text.plist.xml; path = "GitTest-Info.plist"; sourceTree = "<group>"; };
		EEB8F66F19C61F5400AA96D8 /* en */ = {isa = PBXFileReference; lastKnownFileType = text.plist.strings; name = en; path = en.lproj/InfoPlist.strings; sourceTree = "<group>"; };
		EEB8F67119C61F5400AA96D8 /* main.m */ = {isa = PBXFileReference; lastKnownFileType = sourcecode.c.objc; path = main.m; sourceTree = "<group>"; };
		EEB8F67319C61F5400AA96D8 /* GitTest-Prefix.pch */ = {isa = PBXFileReference; lastKnownFileType = sourcecode.c.h; path = "GitTest-Prefix.pch"; sourceTree = "<group>"; };
		EEB8F67419C61F5400AA96D8 /* CCAppDelegate.h */ = {isa = PBXFileReference; lastKnownFileType = sourcecode.c.h; path = CCAppDelegate.h; sourceTree = "<group>"; };
		EEB8F67519C61F5400AA96D8 /* CCAppDelegate.m */ = {isa = PBXFileReference; lastKnownFileType = sourcecode.c.objc; path = CCAppDelegate.m; sourceTree = "<group>"; };
		EEB8F67819C61F5400AA96D8 /* Base */ = {isa = PBXFileReference; lastKnownFileType = file.storyboard; name = Base; path = Base.lproj/Main.storyboard; sourceTree = "<group>"; };
		EEB8F67A19C61F5400AA96D8 /* CCViewController.h */ = {isa = PBXFileReference; lastKnownFileType = sourcecode.c.h; path = CCViewController.h; sourceTree = "<group>"; };
		EEB8F67B19C61F5400AA96D8 /* CCViewController.m */ = {isa = PBXFileReference; lastKnownFileType = sourcecode.c.objc; path = CCViewController.m; sourceTree = "<group>"; };
		EEB8F67D19C61F5400AA96D8 /* Images.xcassets */ = {isa = PBXFileReference; lastKnownFileType = folder.assetcatalog; path = Images.xcassets; sourceTree = "<group>"; };
		EEB8F68319C61F5400AA96D8 /* GitTestTests.xctest */ = {isa = PBXFileReference; explicitFileType = wrapper.cfbundle; includeInIndex = 0; path = GitTestTests.xctest; sourceTree = BUILT_PRODUCTS_DIR; };
		EEB8F68419C61F5400AA96D8 /* XCTest.framework */ = {isa = PBXFileReference; lastKnownFileType = wrapper.framework; name = XCTest.framework; path = Library/Frameworks/XCTest.framework; sourceTree = DEVELOPER_DIR; };
		EEB8F68C19C61F5400AA96D8 /* GitTestTests-Info.plist */ = {isa = PBXFileReference; lastKnownFileType = text.plist.xml; path = "GitTestTests-Info.plist"; sourceTree = "<group>"; };
		EEB8F68E19C61F5400AA96D8 /* en */ = {isa = PBXFileReference; lastKnownFileType = text.plist.strings; name = en; path = en.lproj/InfoPlist.strings; sourceTree = "<group>"; };
		EEB8F69019C61F5400AA96D8 /* GitTestTests.m */ = {isa = PBXFileReference; lastKnownFileType = sourcecode.c.objc; path = GitTestTests.m; sourceTree = "<group>"; };
		EEB8F69A19C622A700AA96D8 /* CCTest.h */ = {isa = PBXFileReference; fileEncoding = 4; lastKnownFileType = sourcecode.c.h; path = CCTest.h; sourceTree = "<group>"; };
		EEB8F69B19C622A700AA96D8 /* CCTest.m */ = {isa = PBXFileReference; fileEncoding = 4; lastKnownFileType = sourcecode.c.objc; path = CCTest.m; sourceTree = "<group>"; };
/* End PBXFileReference section */

/* Begin PBXFrameworksBuildPhase section */
		EEB8F65F19C61F5300AA96D8 /* Frameworks */ = {
			isa = PBXFrameworksBuildPhase;
			buildActionMask = 2147483647;
			files = (
				EEB8F66819C61F5400AA96D8 /* CoreGraphics.framework in Frameworks */,
				EEB8F66A19C61F5400AA96D8 /* UIKit.framework in Frameworks */,
				EEB8F66619C61F5300AA96D8 /* Foundation.framework in Frameworks */,
			);
			runOnlyForDeploymentPostprocessing = 0;
		};
		EEB8F68019C61F5400AA96D8 /* Frameworks */ = {
			isa = PBXFrameworksBuildPhase;
			buildActionMask = 2147483647;
			files = (
				EEB8F68519C61F5400AA96D8 /* XCTest.framework in Frameworks */,
				EEB8F68719C61F5400AA96D8 /* UIKit.framework in Frameworks */,
				EEB8F68619C61F5400AA96D8 /* Foundation.framework in Frameworks */,
			);
			runOnlyForDeploymentPostprocessing = 0;
		};
/* End PBXFrameworksBuildPhase section */

/* Begin PBXGroup section */
		EEB8F65919C61F5300AA96D8 = {
			isa = PBXGroup;
			children = (
				EEB8F69A19C622A700AA96D8 /* CCTest.h */,
				EEB8F69B19C622A700AA96D8 /* CCTest.m */,
				EEB8F66B19C61F5400AA96D8 /* GitTest */,
				EEB8F68A19C61F5400AA96D8 /* GitTestTests */,
				EEB8F66419C61F5300AA96D8 /* Frameworks */,
				EEB8F66319C61F5300AA96D8 /* Products */,
			);
			sourceTree = "<group>";
		};
		EEB8F66319C61F5300AA96D8 /* Products */ = {
			isa = PBXGroup;
			children = (
				EEB8F66219C61F5300AA96D8 /* GitTest.app */,
				EEB8F68319C61F5400AA96D8 /* GitTestTests.xctest */,
			);
			name = Products;
			sourceTree = "<group>";
		};
		EEB8F66419C61F5300AA96D8 /* Frameworks */ = {
			isa = PBXGroup;
			children = (
				EEB8F66519C61F5300AA96D8 /* Foundation.framework */,
				EEB8F66719C61F5400AA96D8 /* CoreGraphics.framework */,
				EEB8F66919C61F5400AA96D8 /* UIKit.framework */,
				EEB8F68419C61F5400AA96D8 /* XCTest.framework */,
			);
			name = Frameworks;
			sourceTree = "<group>";
		};
		EEB8F66B19C61F5400AA96D8 /* GitTest */ = {
			isa = PBXGroup;
			children = (
				EEB8F67419C61F5400AA96D8 /* CCAppDelegate.h */,
				EEB8F67519C61F5400AA96D8 /* CCAppDelegate.m */,
				EEB8F67719C61F5400AA96D8 /* Main.storyboard */,
				EEB8F67A19C61F5400AA96D8 /* CCViewController.h */,
				EEB8F67B19C61F5400AA96D8 /* CCViewController.m */,
				EEB8F67D19C61F5400AA96D8 /* Images.xcassets */,
				EEB8F66C19C61F5400AA96D8 /* Supporting Files */,
			);
			path = GitTest;
			sourceTree = "<group>";
		};
		EEB8F66C19C61F5400AA96D8 /* Supporting Files */ = {
			isa = PBXGroup;
			children = (
				EEB8F66D19C61F5400AA96D8 /* GitTest-Info.plist */,
				EEB8F66E19C61F5400AA96D8 /* InfoPlist.strings */,
				EEB8F67119C61F5400AA96D8 /* main.m */,
				EEB8F67319C61F5400AA96D8 /* GitTest-Prefix.pch */,
			);
			name = "Supporting Files";
			sourceTree = "<group>";
		};
		EEB8F68A19C61F5400AA96D8 /* GitTestTests */ = {
			isa = PBXGroup;
			children = (
				EEB8F69019C61F5400AA96D8 /* GitTestTests.m */,
				EEB8F68B19C61F5400AA96D8 /* Supporting Files */,
			);
			path = GitTestTests;
			sourceTree = "<group>";
		};
		EEB8F68B19C61F5400AA96D8 /* Supporting Files */ = {
			isa = PBXGroup;
			children = (
				EEB8F68C19C61F5400AA96D8 /* GitTestTests-Info.plist */,
				EEB8F68D19C61F5400AA96D8 /* InfoPlist.strings */,
			);
			name = "Supporting Files";
			sourceTree = "<group>";
		};
/* End PBXGroup section */

/* Begin PBXNativeTarget section */
		EEB8F66119C61F5300AA96D8 /* GitTest */ = {
			isa = PBXNativeTarget;
			buildConfigurationList = EEB8F69419C61F5400AA96D8 /* Build configuration list for PBXNativeTarget "GitTest" */;
			buildPhases = (
				EEB8F65E19C61F5300AA96D8 /* Sources */,
				EEB8F65F19C61F5300AA96D8 /* Frameworks */,
				EEB8F66019C61F5300AA96D8 /* Resources */,
			);
			buildRules = (
			);
			dependencies = (
			);
			name = GitTest;
			productName = GitTest;
			productReference = EEB8F66219C61F5300AA96D8 /* GitTest.app */;
			productType = "com.apple.product-type.application";
		};
		EEB8F68219C61F5400AA96D8 /* GitTestTests */ = {
			isa = PBXNativeTarget;
			buildConfigurationList = EEB8F69719C61F5400AA96D8 /* Build configuration list for PBXNativeTarget "GitTestTests" */;
			buildPhases = (
				EEB8F67F19C61F5400AA96D8 /* Sources */,
				EEB8F68019C61F5400AA96D8 /* Frameworks */,
				EEB8F68119C61F5400AA96D8 /* Resources */,
			);
			buildRules = (
			);
			dependencies = (
				EEB8F68919C61F5400AA96D8 /* PBXTargetDependency */,
			);
			name = GitTestTests;
			productName = GitTestTests;
			productReference = EEB8F68319C61F5400AA96D8 /* GitTestTests.xctest */;
			productType = "com.apple.product-type.bundle.unit-test";
		};
/* End PBXNativeTarget section */

/* Begin PBXProject section */
		EEB8F65A19C61F5300AA96D8 /* Project object */ = {
			isa = PBXProject;
			attributes = {
				CLASSPREFIX = CC;
				LastUpgradeCheck = 0510;
				ORGANIZATIONNAME = "Boris Miček";
				TargetAttributes = {
					EEB8F68219C61F5400AA96D8 = {
						TestTargetID = EEB8F66119C61F5300AA96D8;
					};
				};
			};
			buildConfigurationList = EEB8F65D19C61F5300AA96D8 /* Build configuration list for PBXProject "GitTest" */;
			compatibilityVersion = "Xcode 3.2";
			developmentRegion = English;
			hasScannedForEncodings = 0;
			knownRegions = (
				en,
				Base,
			);
			mainGroup = EEB8F65919C61F5300AA96D8;
			productRefGroup = EEB8F66319C61F5300AA96D8 /* Products */;
			projectDirPath = "";
			projectRoot = "";
			targets = (
				EEB8F66119C61F5300AA96D8 /* GitTest */,
				EEB8F68219C61F5400AA96D8 /* GitTestTests */,
			);
		};
/* End PBXProject section */

/* Begin PBXResourcesBuildPhase section */
		EEB8F66019C61F5300AA96D8 /* Resources */ = {
			isa = PBXResourcesBuildPhase;
			buildActionMask = 2147483647;
			files = (
				EEB8F67E19C61F5400AA96D8 /* Images.xcassets in Resources */,
				EEB8F67019C61F5400AA96D8 /* InfoPlist.strings in Resources */,
				EEB8F67919C61F5400AA96D8 /* Main.storyboard in Resources */,
			);
			runOnlyForDeploymentPostprocessing = 0;
		};
		EEB8F68119C61F5400AA96D8 /* Resources */ = {
			isa = PBXResourcesBuildPhase;
			buildActionMask = 2147483647;
			files = (
				EEB8F68F19C61F5400AA96D8 /* InfoPlist.strings in Resources */,
			);
			runOnlyForDeploymentPostprocessing = 0;
		};
/* End PBXResourcesBuildPhase section */

/* Begin PBXSourcesBuildPhase section */
		EEB8F65E19C61F5300AA96D8 /* Sources */ = {
			isa = PBXSourcesBuildPhase;
			buildActionMask = 2147483647;
			files = (
				EEB8F67619C61F5400AA96D8 /* CCAppDelegate.m in Sources */,
				EEB8F69C19C622A700AA96D8 /* CCTest.m in Sources */,
				EEB8F67219C61F5400AA96D8 /* main.m in Sources */,
				EEB8F67C19C61F5400AA96D8 /* CCViewController.m in Sources */,
			);
			runOnlyForDeploymentPostprocessing = 0;
		};
		EEB8F67F19C61F5400AA96D8 /* Sources */ = {
			isa = PBXSourcesBuildPhase;
			buildActionMask = 2147483647;
			files = (
				EEB8F69119C61F5400AA96D8 /* GitTestTests.m in Sources */,
			);
			runOnlyForDeploymentPostprocessing = 0;
		};
/* End PBXSourcesBuildPhase section */

/* Begin PBXTargetDependency section */
		EEB8F68919C61F5400AA96D8 /* PBXTargetDependency */ = {
			isa = PBXTargetDependency;
			target = EEB8F66119C61F5300AA96D8 /* GitTest */;
			targetProxy = EEB8F68819C61F5400AA96D8 /* PBXContainerItemProxy */;
		};
/* End PBXTargetDependency section */

/* Begin PBXVariantGroup section */
		EEB8F66E19C61F5400AA96D8 /* InfoPlist.strings */ = {
			isa = PBXVariantGroup;
			children = (
				EEB8F66F19C61F5400AA96D8 /* en */,
			);
			name = InfoPlist.strings;
			sourceTree = "<group>";
		};
		EEB8F67719C61F5400AA96D8 /* Main.storyboard */ = {
			isa = PBXVariantGroup;
			children = (
				EEB8F67819C61F5400AA96D8 /* Base */,
			);
			name = Main.storyboard;
			sourceTree = "<group>";
		};
		EEB8F68D19C61F5400AA96D8 /* InfoPlist.strings */ = {
			isa = PBXVariantGroup;
			children = (
				EEB8F68E19C61F5400AA96D8 /* en */,
			);
			name = InfoPlist.strings;
			sourceTree = "<group>";
		};
/* End PBXVariantGroup section */

/* Begin XCBuildConfiguration section */
		EEB8F69219C61F5400AA96D8 /* Debug */ = {
			isa = XCBuildConfiguration;
			buildSettings = {
				ALWAYS_SEARCH_USER_PATHS = NO;
				CLANG_CXX_LANGUAGE_STANDARD = "gnu++0x";
				CLANG_CXX_LIBRARY = "libc++";
				CLANG_ENABLE_MODULES = YES;
				CLANG_ENABLE_OBJC_ARC = YES;
				CLANG_WARN_BOOL_CONVERSION = YES;
				CLANG_WARN_CONSTANT_CONVERSION = YES;
				CLANG_WARN_DIRECT_OBJC_ISA_USAGE = YES_ERROR;
				CLANG_WARN_EMPTY_BODY = YES;
				CLANG_WARN_ENUM_CONVERSION = YES;
				CLANG_WARN_INT_CONVERSION = YES;
				CLANG_WARN_OBJC_ROOT_CLASS = YES_ERROR;
				CLANG_WARN__DUPLICATE_METHOD_MATCH = YES;
				"CODE_SIGN_IDENTITY[sdk=iphoneos*]" = "iPhone Developer";
				COPY_PHASE_STRIP = NO;
				GCC_C_LANGUAGE_STANDARD = gnu99;
				GCC_DYNAMIC_NO_PIC = NO;
				GCC_OPTIMIZATION_LEVEL = 0;
				GCC_PREPROCESSOR_DEFINITIONS = (
					"DEBUG=1",
					"$(inherited)",
				);
				GCC_SYMBOLS_PRIVATE_EXTERN = NO;
				GCC_WARN_64_TO_32_BIT_CONVERSION = YES;
				GCC_WARN_ABOUT_RETURN_TYPE = YES_ERROR;
				GCC_WARN_UNDECLARED_SELECTOR = YES;
				GCC_WARN_UNINITIALIZED_AUTOS = YES_AGGRESSIVE;
				GCC_WARN_UNUSED_FUNCTION = YES;
				GCC_WARN_UNUSED_VARIABLE = YES;
				IPHONEOS_DEPLOYMENT_TARGET = 7.1;
				ONLY_ACTIVE_ARCH = YES;
				SDKROOT = iphoneos;
			};
			name = Debug;
		};
		EEB8F69319C61F5400AA96D8 /* Release */ = {
			isa = XCBuildConfiguration;
			buildSettings = {
				ALWAYS_SEARCH_USER_PATHS = NO;
				CLANG_CXX_LANGUAGE_STANDARD = "gnu++0x";
				CLANG_CXX_LIBRARY = "libc++";
				CLANG_ENABLE_MODULES = YES;
				CLANG_ENABLE_OBJC_ARC = YES;
				CLANG_WARN_BOOL_CONVERSION = YES;
				CLANG_WARN_CONSTANT_CONVERSION = YES;
				CLANG_WARN_DIRECT_OBJC_ISA_USAGE = YES_ERROR;
				CLANG_WARN_EMPTY_BODY = YES;
				CLANG_WARN_ENUM_CONVERSION = YES;
				CLANG_WARN_INT_CONVERSION = YES;
				CLANG_WARN_OBJC_ROOT_CLASS = YES_ERROR;
				CLANG_WARN__DUPLICATE_METHOD_MATCH = YES;
				"CODE_SIGN_IDENTITY[sdk=iphoneos*]" = "iPhone Developer";
				COPY_PHASE_STRIP = YES;
				ENABLE_NS_ASSERTIONS = NO;
				GCC_C_LANGUAGE_STANDARD = gnu99;
				GCC_WARN_64_TO_32_BIT_CONVERSION = YES;
				GCC_WARN_ABOUT_RETURN_TYPE = YES_ERROR;
				GCC_WARN_UNDECLARED_SELECTOR = YES;
				GCC_WARN_UNINITIALIZED_AUTOS = YES_AGGRESSIVE;
				GCC_WARN_UNUSED_FUNCTION = YES;
				GCC_WARN_UNUSED_VARIABLE = YES;
				IPHONEOS_DEPLOYMENT_TARGET = 7.1;
				SDKROOT = iphoneos;
				VALIDATE_PRODUCT = YES;
			};
			name = Release;
		};
		EEB8F69519C61F5400AA96D8 /* Debug */ = {
			isa = XCBuildConfiguration;
			buildSettings = {
				ASSETCATALOG_COMPILER_APPICON_NAME = AppIcon;
				ASSETCATALOG_COMPILER_LAUNCHIMAGE_NAME = LaunchImage;
				GCC_PRECOMPILE_PREFIX_HEADER = YES;
				GCC_PREFIX_HEADER = "GitTest/GitTest-Prefix.pch";
				INFOPLIST_FILE = "GitTest/GitTest-Info.plist";
				PRODUCT_NAME = "$(TARGET_NAME)";
				WRAPPER_EXTENSION = app;
			};
			name = Debug;
		};
		EEB8F69619C61F5400AA96D8 /* Release */ = {
			isa = XCBuildConfiguration;
			buildSettings = {
				ASSETCATALOG_COMPILER_APPICON_NAME = AppIcon;
				ASSETCATALOG_COMPILER_LAUNCHIMAGE_NAME = LaunchImage;
				GCC_PRECOMPILE_PREFIX_HEADER = YES;
				GCC_PREFIX_HEADER = "GitTest/GitTest-Prefix.pch";
				INFOPLIST_FILE = "GitTest/GitTest-Info.plist";
				PRODUCT_NAME = "$(TARGET_NAME)";
				WRAPPER_EXTENSION = app;
			};
			name = Release;
		};
		EEB8F69819C61F5400AA96D8 /* Debug */ = {
			isa = XCBuildConfiguration;
			buildSettings = {
				BUNDLE_LOADER = "$(BUILT_PRODUCTS_DIR)/GitTest.app/GitTest";
				FRAMEWORK_SEARCH_PATHS = (
					"$(SDKROOT)/Developer/Library/Frameworks",
					"$(inherited)",
					"$(DEVELOPER_FRAMEWORKS_DIR)",
				);
				GCC_PRECOMPILE_PREFIX_HEADER = YES;
				GCC_PREFIX_HEADER = "GitTest/GitTest-Prefix.pch";
				GCC_PREPROCESSOR_DEFINITIONS = (
					"DEBUG=1",
					"$(inherited)",
				);
				INFOPLIST_FILE = "GitTestTests/GitTestTests-Info.plist";
				PRODUCT_NAME = "$(TARGET_NAME)";
				TEST_HOST = "$(BUNDLE_LOADER)";
				WRAPPER_EXTENSION = xctest;
			};
			name = Debug;
		};
		EEB8F69919C61F5400AA96D8 /* Release */ = {
			isa = XCBuildConfiguration;
			buildSettings = {
				BUNDLE_LOADER = "$(BUILT_PRODUCTS_DIR)/GitTest.app/GitTest";
				FRAMEWORK_SEARCH_PATHS = (
					"$(SDKROOT)/Developer/Library/Frameworks",
					"$(inherited)",
					"$(DEVELOPER_FRAMEWORKS_DIR)",
				);
				GCC_PRECOMPILE_PREFIX_HEADER = YES;
				GCC_PREFIX_HEADER = "GitTest/GitTest-Prefix.pch";
				INFOPLIST_FILE = "GitTestTests/GitTestTests-Info.plist";
				PRODUCT_NAME = "$(TARGET_NAME)";
				TEST_HOST = "$(BUNDLE_LOADER)";
				WRAPPER_EXTENSION = xctest;
			};
			name = Release;
		};
/* End XCBuildConfiguration section */

/* Begin XCConfigurationList section */
		EEB8F65D19C61F5300AA96D8 /* Build configuration list for PBXProject "GitTest" */ = {
			isa = XCConfigurationList;
			buildConfigurations = (
				EEB8F69219C61F5400AA96D8 /* Debug */,
				EEB8F69319C61F5400AA96D8 /* Release */,
			);
			defaultConfigurationIsVisible = 0;
			defaultConfigurationName = Release;
		};
		EEB8F69419C61F5400AA96D8 /* Build configuration list for PBXNativeTarget "GitTest" */ = {
			isa = XCConfigurationList;
			buildConfigurations = (
				EEB8F69519C61F5400AA96D8 /* Debug */,
				EEB8F69619C61F5400AA96D8 /* Release */,
			);
			defaultConfigurationIsVisible = 0;
		};
		EEB8F69719C61F5400AA96D8 /* Build configuration list for PBXNativeTarget "GitTestTests" */ = {
			isa = XCConfigurationList;
			buildConfigurations = (
				EEB8F69819C61F5400AA96D8 /* Debug */,
				EEB8F69919C61F5400AA96D8 /* Release */,
			);
			defaultConfigurationIsVisible = 0;
		};
/* End XCConfigurationList section */
	};
	rootObject = EEB8F65A19C61F5300AA96D8 /* Project object */;
}
